
Microsoft Visual Studio Solution File, Format Version 12.00
# Visual Studio Version 16
VisualStudioVersion = 16.0.32413.511
MinimumVisualStudioVersion = 10.0.40219.1
Project("{FAE04EC0-301F-11D3-BF4B-00C04F79EFBC}") = "NEAT", "NEAT.csproj", "{34641416-AE3D-4C69-8194-4EC66294D73B}"
EndProject
Global
	GlobalSection(SolutionConfigurationPlatforms) = preSolution
		Debug|Any CPU = Debug|Any CPU
		Release|Any CPU = Release|Any CPU
	EndGlobalSection
	GlobalSection(ProjectConfigurationPlatforms) = postSolution
		{34641416-AE3D-4C69-8194-4EC66294D73B}.Debug|Any CPU.ActiveCfg = Debug|Any CPU
		{34641416-AE3D-4C69-8194-4EC66294D73B}.Debug|Any CPU.Build.0 = Debug|Any CPU
		{34641416-AE3D-4C69-8194-4EC66294D73B}.Release|Any CPU.ActiveCfg = Release|Any CPU
		{34641416-AE3D-4C69-8194-4EC66294D73B}.Release|Any CPU.Build.0 = Release|Any CPU
	EndGlobalSection
	GlobalSection(SolutionProperties) = preSolution
		HideSolutionNode = FALSE
	EndGlobalSection
	GlobalSection(ExtensibilityGlobals) = postSolution
		SolutionGuid = {603F52B3-B770-44F8-80AC-449432325303}
	EndGlobalSection
EndGlobal
